// !$*UTF8*$!
{
	archiveVersion = 1;
	classes = {
	};
	objectVersion = 77;
	objects = {

/* Begin PBXBuildFile section */
		02CB1E90666F628DBF9C7C78 /* EdgeDissolve.swift in Sources */ = {isa = PBXBuildFile; fileRef = C6853210949502E0C47D69B9 /* EdgeDissolve.swift */; };
		068B6C43C18DB6110AED985B /* PopoverMenu.swift in Sources */ = {isa = PBXBuildFile; fileRef = 6C234D84C11C94266A6B560D /* PopoverMenu.swift */; };
		07650D1993A6D4C0D5B7ACD8 /* PalettePanel.swift in Sources */ = {isa = PBXBuildFile; fileRef = 123A20E6FCB60D259A0CC145 /* PalettePanel.swift */; };
		09B23D64A6A4F5463BC87554 /* PasteApp.swift in Sources */ = {isa = PBXBuildFile; fileRef = ECEFF1A363FE4929A8295A86 /* PasteApp.swift */; };
		0FD9FE1B849F35DA7CE4C9FD /* Assets.xcassets in Resources */ = {isa = PBXBuildFile; fileRef = BA150DA7FBE4819BF19B7F31 /* Assets.xcassets */; };
		1C45571908BB38D3FAD1095B /* Paster.swift in Sources */ = {isa = PBXBuildFile; fileRef = FC678FC84A80AE731726D744 /* Paster.swift */; };
		1D9AA5ECC0F41C5EE2E43336 /* ClipboardView.swift in Sources */ = {isa = PBXBuildFile; fileRef = 657D8CF150E57314AE8665E3 /* ClipboardView.swift */; };
		2637AC2FB6592F5FCA9ADA7C /* LaunchAtLogin.swift in Sources */ = {isa = PBXBuildFile; fileRef = A490C2CECA4C191B712DB9F2 /* LaunchAtLogin.swift */; };
		2E9B78A0D95CFE4179A41718 /* ImageQuickLook.swift in Sources */ = {isa = PBXBuildFile; fileRef = 19FB08D4568B366C9339712C /* ImageQuickLook.swift */; };
		3119CFF1D7E49ACADC6267D9 /* ShortcutRecorder.swift in Sources */ = {isa = PBXBuildFile; fileRef = 538279907CABE616D759F4E1 /* ShortcutRecorder.swift */; };
		316668E91BB14E5E55142438 /* AppCore.swift in Sources */ = {isa = PBXBuildFile; fileRef = 0C1D141FBB730290AF3CA00C /* AppCore.swift */; };
		32D1DA38415AA18444CAE1CC /* CodeSyntaxHighlighter.swift in Sources */ = {isa = PBXBuildFile; fileRef = 420946D50A22D4D3CDA26B77 /* CodeSyntaxHighlighter.swift */; };
		3967DE16A769A2E33CCD9692 /* AboutView.swift in Sources */ = {isa = PBXBuildFile; fileRef = 93677C0354F1CF4E43238C84 /* AboutView.swift */; };
		39845C7BA7BF8871C80EE1BE /* AppSettings.swift in Sources */ = {isa = PBXBuildFile; fileRef = 67393F83039423D6A2A4C9B5 /* AppSettings.swift */; };
		4176341D42A93B3915ADC2AC /* ThinScrollbar.swift in Sources */ = {isa = PBXBuildFile; fileRef = 27D1C525A6F1C83A87346D62 /* ThinScrollbar.swift */; };
		41EB0E618912C5BD22EE063A /* OverlayScroller.swift in Sources */ = {isa = PBXBuildFile; fileRef = 98840931415E1CD55C03300F /* OverlayScroller.swift */; };
		423227345830781DFEB25653 /* ScrollIntent.swift in Sources */ = {isa = PBXBuildFile; fileRef = 1F3166EA8852EDBCC9A0D3DF /* ScrollIntent.swift */; };
		459F1FFE80691847187D0437 /* PasteSettingsWindowController.swift in Sources */ = {isa = PBXBuildFile; fileRef = CE39A396D47F5CC467AA9FA1 /* PasteSettingsWindowController.swift */; };
		4727BAB0DFB738C67703BC3B /* Permissions.swift in Sources */ = {isa = PBXBuildFile; fileRef = EA577CC2AE8EBDA99C731955 /* Permissions.swift */; };
		4D294A32FFE66B9E795811C7 /* SettingsRootView.swift in Sources */ = {isa = PBXBuildFile; fileRef = 3187686D939660FFB703D911 /* SettingsRootView.swift */; };
		548476F13FAEFBC9FE5F0632 /* SymbolsNerdFontMono-Regular.ttf in Resources */ = {isa = PBXBuildFile; fileRef = 6127F340C801F2F566147DE2 /* SymbolsNerdFontMono-Regular.ttf */; };
		56CB63D8005B7EA1BB562748 /* RightClick.swift in Sources */ = {isa = PBXBuildFile; fileRef = 6E6A45E86D836A21D700DE27 /* RightClick.swift */; };
		5F74A5E6F4687BA1EDA15D8F /* NerdSymbolsFont.swift in Sources */ = {isa = PBXBuildFile; fileRef = 908045C0E8EF72DB68603149 /* NerdSymbolsFont.swift */; };
		62F5E9E05B1CB111BC22F982 /* RootPaletteView.swift in Sources */ = {isa = PBXBuildFile; fileRef = 2B0977782F9197A6D1FEF7AF /* RootPaletteView.swift */; };
		683657868E94884E86EAD188 /* IconCache.swift in Sources */ = {isa = PBXBuildFile; fileRef = 2AAAC613C9193B707F079A76 /* IconCache.swift */; };
		69136128B6F06843A9962FAF /* CopySelectionOnSelect.swift in Sources */ = {isa = PBXBuildFile; fileRef = 66BA1300B2872471FA6010D4 /* CopySelectionOnSelect.swift */; };
		6B1C7B8816B750407EFCB52C /* Theme.swift in Sources */ = {isa = PBXBuildFile; fileRef = E803D4959D800FE82F1EC0EA /* Theme.swift */; };
		739ADE5F09C7B1A660B5BE9F /* ClipboardSettingsView.swift in Sources */ = {isa = PBXBuildFile; fileRef = B42062A9B167BB7DCD3E7129 /* ClipboardSettingsView.swift */; };
		73C5E3F78FDD5E8837E47AC0 /* PasteTransaction.swift in Sources */ = {isa = PBXBuildFile; fileRef = B83EBAE1FB329C0318507DFB /* PasteTransaction.swift */; };
		765DF848224FB5BC506F2CDC /* PaletteWindowController.swift in Sources */ = {isa = PBXBuildFile; fileRef = 8738F70AF4AB873CA45EE200 /* PaletteWindowController.swift */; };
		8D646A86A4AD889296D77961 /* VisualEffectView.swift in Sources */ = {isa = PBXBuildFile; fileRef = 5EC0E3B9B5C98ACD47608094 /* VisualEffectView.swift */; };
		8EC84542AD80277CDB7E1C1B /* SearchHighlight.swift in Sources */ = {isa = PBXBuildFile; fileRef = 9E2953B3533B91377E5CD791 /* SearchHighlight.swift */; };
		9D0896797DC58B6F1EFD765F /* NotificationToken.swift in Sources */ = {isa = PBXBuildFile; fileRef = F56E6A15E84064E62E40BD93 /* NotificationToken.swift */; };
		A9BFCCAECCC68D9444932887 /* ClipboardManager.swift in Sources */ = {isa = PBXBuildFile; fileRef = A08EBA3DF42E6A3D8518C909 /* ClipboardManager.swift */; };
		B9424F6046260D72728A48DD /* GeneralSettingsView.swift in Sources */ = {isa = PBXBuildFile; fileRef = FC1779D1C157B1B6F9C37365 /* GeneralSettingsView.swift */; };
		C149825C332C2AE4CE7AFE86 /* SettingsComponents.swift in Sources */ = {isa = PBXBuildFile; fileRef = 9DD90436D7A4A7E354F421DD /* SettingsComponents.swift */; };
		C4F6DA55540713BDACAC260D /* Localizable.strings in Resources */ = {isa = PBXBuildFile; fileRef = F7DB5B5DB847C967C5B56092 /* Localizable.strings */; };
		CA25BB59A2A23511A7C30411 /* SectionHeader.swift in Sources */ = {isa = PBXBuildFile; fileRef = 92B36D4D64CA6A5B061F7727 /* SectionHeader.swift */; };
		CE1562B33E657CF448D04DDC /* KeyboardShortcuts in Frameworks */ = {isa = PBXBuildFile; productRef = 40E3D8D2C77ADCC20CD390CC /* KeyboardShortcuts */; };
		D39624F103CC42692585154F /* NerdFontsSymbolsOnly-LICENSE.txt in Resources */ = {isa = PBXBuildFile; fileRef = DB2357C425F1390F61CEB545 /* NerdFontsSymbolsOnly-LICENSE.txt */; };
		DE8C16A33B168FD7F3AC2C5B /* SystemClipboardHistory.swift in Sources */ = {isa = PBXBuildFile; fileRef = 7B34CA7CF3889D8A18413F77 /* SystemClipboardHistory.swift */; };
		DF868B19AE7D7BF3751879EF /* ClipboardCapturePipeline.swift in Sources */ = {isa = PBXBuildFile; fileRef = A5FB3EB883C67D7DA6D8FEAF /* ClipboardCapturePipeline.swift */; };
		E2C25F35DF0B1F8C9960CD38 /* ClipboardStore.swift in Sources */ = {isa = PBXBuildFile; fileRef = FCFFE5C6B9CC83C972FD0B0D /* ClipboardStore.swift */; };
		E46B1E8BC06FFD19A99AA8A3 /* README.md in Resources */ = {isa = PBXBuildFile; fileRef = B8B134FA6B0C91BE3263830E /* README.md */; };
		E640C47775B8E5E915E0166A /* MacAppSettingsUI in Frameworks */ = {isa = PBXBuildFile; productRef = 18A3FC690CC58367A65F87C9 /* MacAppSettingsUI */; };
		E8EB228A4D377029F8905182 /* paste.icon in Resources */ = {isa = PBXBuildFile; fileRef = 17E41EBE2A05B16FBF699B0A /* paste.icon */; };
		EE9F57DEDBD7C12EA72E7D9E /* InputSourceSwitcher.swift in Sources */ = {isa = PBXBuildFile; fileRef = D22A18A2E99B807E7716432E /* InputSourceSwitcher.swift */; };
		F1E4B87385492A86C5F5CDFE /* ImageThumbnail.swift in Sources */ = {isa = PBXBuildFile; fileRef = AF2FD6AB5017BBFF5EE420A4 /* ImageThumbnail.swift */; };
		F2793D8EFF543BEDD5DF57C1 /* PaletteViewModel.swift in Sources */ = {isa = PBXBuildFile; fileRef = 11927303CFC909AE918568B6 /* PaletteViewModel.swift */; };
/* End PBXBuildFile section */

/* Begin PBXFileReference section */
		0C1D141FBB730290AF3CA00C /* AppCore.swift */ = {isa = PBXFileReference; lastKnownFileType = sourcecode.swift; path = AppCore.swift; sourceTree = "<group>"; };
		11927303CFC909AE918568B6 /* PaletteViewModel.swift */ = {isa = PBXFileReference; lastKnownFileType = sourcecode.swift; path = PaletteViewModel.swift; sourceTree = "<group>"; };
		123A20E6FCB60D259A0CC145 /* PalettePanel.swift */ = {isa = PBXFileReference; lastKnownFileType = sourcecode.swift; path = PalettePanel.swift; sourceTree = "<group>"; };
		17E41EBE2A05B16FBF699B0A /* paste.icon */ = {isa = PBXFileReference; lastKnownFileType = wrapper.icon; path = paste.icon; sourceTree = "<group>"; };
		19FB08D4568B366C9339712C /* ImageQuickLook.swift */ = {isa = PBXFileReference; lastKnownFileType = sourcecode.swift; path = ImageQuickLook.swift; sourceTree = "<group>"; };
		1F3166EA8852EDBCC9A0D3DF /* ScrollIntent.swift */ = {isa = PBXFileReference; lastKnownFileType = sourcecode.swift; path = ScrollIntent.swift; sourceTree = "<group>"; };
		27D1C525A6F1C83A87346D62 /* ThinScrollbar.swift */ = {isa = PBXFileReference; lastKnownFileType = sourcecode.swift; path = ThinScrollbar.swift; sourceTree = "<group>"; };
		2AAAC613C9193B707F079A76 /* IconCache.swift */ = {isa = PBXFileReference; lastKnownFileType = sourcecode.swift; path = IconCache.swift; sourceTree = "<group>"; };
		2B0977782F9197A6D1FEF7AF /* RootPaletteView.swift */ = {isa = PBXFileReference; lastKnownFileType = sourcecode.swift; path = RootPaletteView.swift; sourceTree = "<group>"; };
		3187686D939660FFB703D911 /* SettingsRootView.swift */ = {isa = PBXFileReference; lastKnownFileType = sourcecode.swift; path = SettingsRootView.swift; sourceTree = "<group>"; };
		420946D50A22D4D3CDA26B77 /* CodeSyntaxHighlighter.swift */ = {isa = PBXFileReference; lastKnownFileType = sourcecode.swift; path = CodeSyntaxHighlighter.swift; sourceTree = "<group>"; };
		538279907CABE616D759F4E1 /* ShortcutRecorder.swift */ = {isa = PBXFileReference; lastKnownFileType = sourcecode.swift; path = ShortcutRecorder.swift; sourceTree = "<group>"; };
		5EC0E3B9B5C98ACD47608094 /* VisualEffectView.swift */ = {isa = PBXFileReference; lastKnownFileType = sourcecode.swift; path = VisualEffectView.swift; sourceTree = "<group>"; };
		6127F340C801F2F566147DE2 /* SymbolsNerdFontMono-Regular.ttf */ = {isa = PBXFileReference; lastKnownFileType = file; path = "SymbolsNerdFontMono-Regular.ttf"; sourceTree = "<group>"; };
		657D8CF150E57314AE8665E3 /* ClipboardView.swift */ = {isa = PBXFileReference; lastKnownFileType = sourcecode.swift; path = ClipboardView.swift; sourceTree = "<group>"; };
		66BA1300B2872471FA6010D4 /* CopySelectionOnSelect.swift */ = {isa = PBXFileReference; lastKnownFileType = sourcecode.swift; path = CopySelectionOnSelect.swift; sourceTree = "<group>"; };
		67393F83039423D6A2A4C9B5 /* AppSettings.swift */ = {isa = PBXFileReference; lastKnownFileType = sourcecode.swift; path = AppSettings.swift; sourceTree = "<group>"; };
		6C234D84C11C94266A6B560D /* PopoverMenu.swift */ = {isa = PBXFileReference; lastKnownFileType = sourcecode.swift; path = PopoverMenu.swift; sourceTree = "<group>"; };
		6E6A45E86D836A21D700DE27 /* RightClick.swift */ = {isa = PBXFileReference; lastKnownFileType = sourcecode.swift; path = RightClick.swift; sourceTree = "<group>"; };
		7B34CA7CF3889D8A18413F77 /* SystemClipboardHistory.swift */ = {isa = PBXFileReference; lastKnownFileType = sourcecode.swift; path = SystemClipboardHistory.swift; sourceTree = "<group>"; };
		8257D3870A4DE97DA6F3D640 /* en */ = {isa = PBXFileReference; lastKnownFileType = text.plist.strings; name = en; path = en.lproj/Localizable.strings; sourceTree = "<group>"; };
		8738F70AF4AB873CA45EE200 /* PaletteWindowController.swift */ = {isa = PBXFileReference; lastKnownFileType = sourcecode.swift; path = PaletteWindowController.swift; sourceTree = "<group>"; };
		908045C0E8EF72DB68603149 /* NerdSymbolsFont.swift */ = {isa = PBXFileReference; lastKnownFileType = sourcecode.swift; path = NerdSymbolsFont.swift; sourceTree = "<group>"; };
		92B36D4D64CA6A5B061F7727 /* SectionHeader.swift */ = {isa = PBXFileReference; lastKnownFileType = sourcecode.swift; path = SectionHeader.swift; sourceTree = "<group>"; };
		93677C0354F1CF4E43238C84 /* AboutView.swift */ = {isa = PBXFileReference; lastKnownFileType = sourcecode.swift; path = AboutView.swift; sourceTree = "<group>"; };
		94A422E6E59C06BEAFB4BFA2 /* Info.plist */ = {isa = PBXFileReference; lastKnownFileType = text.plist; path = Info.plist; sourceTree = "<group>"; };
		98840931415E1CD55C03300F /* OverlayScroller.swift */ = {isa = PBXFileReference; lastKnownFileType = sourcecode.swift; path = OverlayScroller.swift; sourceTree = "<group>"; };
		9DD90436D7A4A7E354F421DD /* SettingsComponents.swift */ = {isa = PBXFileReference; lastKnownFileType = sourcecode.swift; path = SettingsComponents.swift; sourceTree = "<group>"; };
		9E2953B3533B91377E5CD791 /* SearchHighlight.swift */ = {isa = PBXFileReference; lastKnownFileType = sourcecode.swift; path = SearchHighlight.swift; sourceTree = "<group>"; };
		A08EBA3DF42E6A3D8518C909 /* ClipboardManager.swift */ = {isa = PBXFileReference; lastKnownFileType = sourcecode.swift; path = ClipboardManager.swift; sourceTree = "<group>"; };
		A490C2CECA4C191B712DB9F2 /* LaunchAtLogin.swift */ = {isa = PBXFileReference; lastKnownFileType = sourcecode.swift; path = LaunchAtLogin.swift; sourceTree = "<group>"; };
		A5FB3EB883C67D7DA6D8FEAF /* ClipboardCapturePipeline.swift */ = {isa = PBXFileReference; lastKnownFileType = sourcecode.swift; path = ClipboardCapturePipeline.swift; sourceTree = "<group>"; };
		AF2FD6AB5017BBFF5EE420A4 /* ImageThumbnail.swift */ = {isa = PBXFileReference; lastKnownFileType = sourcecode.swift; path = ImageThumbnail.swift; sourceTree = "<group>"; };
		B42062A9B167BB7DCD3E7129 /* ClipboardSettingsView.swift */ = {isa = PBXFileReference; lastKnownFileType = sourcecode.swift; path = ClipboardSettingsView.swift; sourceTree = "<group>"; };
		B83EBAE1FB329C0318507DFB /* PasteTransaction.swift */ = {isa = PBXFileReference; lastKnownFileType = sourcecode.swift; path = PasteTransaction.swift; sourceTree = "<group>"; };
		B8B134FA6B0C91BE3263830E /* README.md */ = {isa = PBXFileReference; lastKnownFileType = net.daringfireball.markdown; path = README.md; sourceTree = "<group>"; };
		BA150DA7FBE4819BF19B7F31 /* Assets.xcassets */ = {isa = PBXFileReference; lastKnownFileType = folder.assetcatalog; path = Assets.xcassets; sourceTree = "<group>"; };
		C6853210949502E0C47D69B9 /* EdgeDissolve.swift */ = {isa = PBXFileReference; lastKnownFileType = sourcecode.swift; path = EdgeDissolve.swift; sourceTree = "<group>"; };
		CE39A396D47F5CC467AA9FA1 /* PasteSettingsWindowController.swift */ = {isa = PBXFileReference; lastKnownFileType = sourcecode.swift; path = PasteSettingsWindowController.swift; sourceTree = "<group>"; };
		D22A18A2E99B807E7716432E /* InputSourceSwitcher.swift */ = {isa = PBXFileReference; lastKnownFileType = sourcecode.swift; path = InputSourceSwitcher.swift; sourceTree = "<group>"; };
		D3E59B58F324A9600EE4325C /* Paste.entitlements */ = {isa = PBXFileReference; lastKnownFileType = text.plist.entitlements; path = Paste.entitlements; sourceTree = "<group>"; };
		DB2357C425F1390F61CEB545 /* NerdFontsSymbolsOnly-LICENSE.txt */ = {isa = PBXFileReference; lastKnownFileType = text; path = "NerdFontsSymbolsOnly-LICENSE.txt"; sourceTree = "<group>"; };
		E1C61CC3EAF30E7A03C2A141 /* Paste.app */ = {isa = PBXFileReference; explicitFileType = wrapper.application; includeInIndex = 0; path = Paste.app; sourceTree = BUILT_PRODUCTS_DIR; };
		E4A9AB5D6002E8775B7A1B4A /* zh-Hans */ = {isa = PBXFileReference; lastKnownFileType = text.plist.strings; name = "zh-Hans"; path = "zh-Hans.lproj/Localizable.strings"; sourceTree = "<group>"; };
		E803D4959D800FE82F1EC0EA /* Theme.swift */ = {isa = PBXFileReference; lastKnownFileType = sourcecode.swift; path = Theme.swift; sourceTree = "<group>"; };
		EA577CC2AE8EBDA99C731955 /* Permissions.swift */ = {isa = PBXFileReference; lastKnownFileType = sourcecode.swift; path = Permissions.swift; sourceTree = "<group>"; };
		ECEFF1A363FE4929A8295A86 /* PasteApp.swift */ = {isa = PBXFileReference; lastKnownFileType = sourcecode.swift; path = PasteApp.swift; sourceTree = "<group>"; };
		F56E6A15E84064E62E40BD93 /* NotificationToken.swift */ = {isa = PBXFileReference; lastKnownFileType = sourcecode.swift; path = NotificationToken.swift; sourceTree = "<group>"; };
		FC1779D1C157B1B6F9C37365 /* GeneralSettingsView.swift */ = {isa = PBXFileReference; lastKnownFileType = sourcecode.swift; path = GeneralSettingsView.swift; sourceTree = "<group>"; };
		FC678FC84A80AE731726D744 /* Paster.swift */ = {isa = PBXFileReference; lastKnownFileType = sourcecode.swift; path = Paster.swift; sourceTree = "<group>"; };
		FCFFE5C6B9CC83C972FD0B0D /* ClipboardStore.swift */ = {isa = PBXFileReference; lastKnownFileType = sourcecode.swift; path = ClipboardStore.swift; sourceTree = "<group>"; };
/* End PBXFileReference section */

/* Begin PBXFrameworksBuildPhase section */
		7B89C24AFFAA31720BE26BC7 /* Frameworks */ = {
			isa = PBXFrameworksBuildPhase;
			buildActionMask = 2147483647;
			files = (
				CE1562B33E657CF448D04DDC /* KeyboardShortcuts in Frameworks */,
				E640C47775B8E5E915E0166A /* MacAppSettingsUI in Frameworks */,
			);
			runOnlyForDeploymentPostprocessing = 0;
		};
/* End PBXFrameworksBuildPhase section */

/* Begin PBXGroup section */
		0A65AE99FE164989A5BC7C61 /* Clipboard */ = {
			isa = PBXGroup;
			children = (
				657D8CF150E57314AE8665E3 /* ClipboardView.swift */,
				19FB08D4568B366C9339712C /* ImageQuickLook.swift */,
			);
			path = Clipboard;
			sourceTree = "<group>";
		};
		1F4821574B8F54A2E1FF94DE /* Core */ = {
			isa = PBXGroup;
			children = (
				0C1D141FBB730290AF3CA00C /* AppCore.swift */,
				67393F83039423D6A2A4C9B5 /* AppSettings.swift */,
				A5FB3EB883C67D7DA6D8FEAF /* ClipboardCapturePipeline.swift */,
				A08EBA3DF42E6A3D8518C909 /* ClipboardManager.swift */,
				FCFFE5C6B9CC83C972FD0B0D /* ClipboardStore.swift */,
				C6853210949502E0C47D69B9 /* EdgeDissolve.swift */,
				AF2FD6AB5017BBFF5EE420A4 /* ImageThumbnail.swift */,
				D22A18A2E99B807E7716432E /* InputSourceSwitcher.swift */,
				A490C2CECA4C191B712DB9F2 /* LaunchAtLogin.swift */,
				F56E6A15E84064E62E40BD93 /* NotificationToken.swift */,
				98840931415E1CD55C03300F /* OverlayScroller.swift */,
				123A20E6FCB60D259A0CC145 /* PalettePanel.swift */,
				11927303CFC909AE918568B6 /* PaletteViewModel.swift */,
				8738F70AF4AB873CA45EE200 /* PaletteWindowController.swift */,
				FC678FC84A80AE731726D744 /* Paster.swift */,
				B83EBAE1FB329C0318507DFB /* PasteTransaction.swift */,
				EA577CC2AE8EBDA99C731955 /* Permissions.swift */,
				6E6A45E86D836A21D700DE27 /* RightClick.swift */,
				1F3166EA8852EDBCC9A0D3DF /* ScrollIntent.swift */,
				7B34CA7CF3889D8A18413F77 /* SystemClipboardHistory.swift */,
				E803D4959D800FE82F1EC0EA /* Theme.swift */,
				27D1C525A6F1C83A87346D62 /* ThinScrollbar.swift */,
				5EC0E3B9B5C98ACD47608094 /* VisualEffectView.swift */,
			);
			path = Core;
			sourceTree = "<group>";
		};
		4C5F3C861CCDA820438BE9DA /* App */ = {
			isa = PBXGroup;
			children = (
				ECEFF1A363FE4929A8295A86 /* PasteApp.swift */,
			);
			path = App;
			sourceTree = "<group>";
		};
		574E54B103F6B26E4477C5A2 /* Support */ = {
			isa = PBXGroup;
			children = (
				420946D50A22D4D3CDA26B77 /* CodeSyntaxHighlighter.swift */,
				66BA1300B2872471FA6010D4 /* CopySelectionOnSelect.swift */,
				2AAAC613C9193B707F079A76 /* IconCache.swift */,
				908045C0E8EF72DB68603149 /* NerdSymbolsFont.swift */,
				9E2953B3533B91377E5CD791 /* SearchHighlight.swift */,
				92B36D4D64CA6A5B061F7727 /* SectionHeader.swift */,
			);
			path = Support;
			sourceTree = "<group>";
		};
		6BA74C834DB2AE7CF5D1C7CE /* About */ = {
			isa = PBXGroup;
			children = (
				93677C0354F1CF4E43238C84 /* AboutView.swift */,
			);
			path = About;
			sourceTree = "<group>";
		};
		6BEA613924C038C772F06018 /* Fonts */ = {
			isa = PBXGroup;
			children = (
				DB2357C425F1390F61CEB545 /* NerdFontsSymbolsOnly-LICENSE.txt */,
				B8B134FA6B0C91BE3263830E /* README.md */,
				6127F340C801F2F566147DE2 /* SymbolsNerdFontMono-Regular.ttf */,
			);
			path = Fonts;
			sourceTree = "<group>";
		};
		917FFC4F5BB9A7CBBB3583F8 /* Settings */ = {
			isa = PBXGroup;
			children = (
				B42062A9B167BB7DCD3E7129 /* ClipboardSettingsView.swift */,
				FC1779D1C157B1B6F9C37365 /* GeneralSettingsView.swift */,
				CE39A396D47F5CC467AA9FA1 /* PasteSettingsWindowController.swift */,
				9DD90436D7A4A7E354F421DD /* SettingsComponents.swift */,
				3187686D939660FFB703D911 /* SettingsRootView.swift */,
				538279907CABE616D759F4E1 /* ShortcutRecorder.swift */,
			);
			path = Settings;
			sourceTree = "<group>";
		};
		98E3C31A88659DC4B6B4D241 = {
			isa = PBXGroup;
			children = (
				D4D9055FFD80C01DC26C2056 /* Paste */,
				B768B677384035BB57EEA712 /* Products */,
			);
			sourceTree = "<group>";
		};
		B768B677384035BB57EEA712 /* Products */ = {
			isa = PBXGroup;
			children = (
				E1C61CC3EAF30E7A03C2A141 /* Paste.app */,
			);
			name = Products;
			sourceTree = "<group>";
		};
		C31CC5D1FB66A5DCF6100242 /* Resources */ = {
			isa = PBXGroup;
			children = (
				6BEA613924C038C772F06018 /* Fonts */,
			);
			path = Resources;
			sourceTree = "<group>";
		};
		D4D9055FFD80C01DC26C2056 /* Paste */ = {
			isa = PBXGroup;
			children = (
				4C5F3C861CCDA820438BE9DA /* App */,
				1F4821574B8F54A2E1FF94DE /* Core */,
				E175C9B5592D4E43DED84D12 /* Features */,
				F7DB5B5DB847C967C5B56092 /* Localizable.strings */,
				C31CC5D1FB66A5DCF6100242 /* Resources */,
				574E54B103F6B26E4477C5A2 /* Support */,
				BA150DA7FBE4819BF19B7F31 /* Assets.xcassets */,
				94A422E6E59C06BEAFB4BFA2 /* Info.plist */,
				D3E59B58F324A9600EE4325C /* Paste.entitlements */,
				17E41EBE2A05B16FBF699B0A /* paste.icon */,
			);
			path = Paste;
			sourceTree = "<group>";
		};
		E175C9B5592D4E43DED84D12 /* Features */ = {
			isa = PBXGroup;
			children = (
				6BA74C834DB2AE7CF5D1C7CE /* About */,
				0A65AE99FE164989A5BC7C61 /* Clipboard */,
				917FFC4F5BB9A7CBBB3583F8 /* Settings */,
				6C234D84C11C94266A6B560D /* PopoverMenu.swift */,
				2B0977782F9197A6D1FEF7AF /* RootPaletteView.swift */,
			);
			path = Features;
			sourceTree = "<group>";
		};
/* End PBXGroup section */

/* Begin PBXNativeTarget section */
		3BDB676D0A88A545F238711A /* Paste */ = {
			isa = PBXNativeTarget;
			buildConfigurationList = 0F0CF5D16306CB35A84C4C17 /* Build configuration list for PBXNativeTarget "Paste" */;
			buildPhases = (
				8A95500F24E10A81F9788E08 /* Sources */,
				E0B3487F77980DE088DF0051 /* Resources */,
				7B89C24AFFAA31720BE26BC7 /* Frameworks */,
			);
			buildRules = (
			);
			dependencies = (
			);
			name = Paste;
			packageProductDependencies = (
				40E3D8D2C77ADCC20CD390CC /* KeyboardShortcuts */,
				18A3FC690CC58367A65F87C9 /* MacAppSettingsUI */,
			);
			productName = Paste;
			productReference = E1C61CC3EAF30E7A03C2A141 /* Paste.app */;
			productType = "com.apple.product-type.application";
		};
/* End PBXNativeTarget section */

/* Begin PBXProject section */
		DF30A449222F94C11CFB0A63 /* Project object */ = {
			isa = PBXProject;
			attributes = {
				BuildIndependentTargetsInParallel = YES;
				LastUpgradeCheck = 1430;
				TargetAttributes = {
					3BDB676D0A88A545F238711A = {
						DevelopmentTeam = 5Q5QT76MJU;
						ProvisioningStyle = Automatic;
					};
				};
			};
			buildConfigurationList = 6D9D3EC1D512C4FF5F237E0B /* Build configuration list for PBXProject "Paste" */;
			developmentRegion = en;
			hasScannedForEncodings = 0;
			knownRegions = (
				Base,
				en,
				"zh-Hans",
			);
			mainGroup = 98E3C31A88659DC4B6B4D241;
			minimizedProjectReferenceProxies = 1;
			packageReferences = (
				AED5A052BAF777F41B977401 /* XCRemoteSwiftPackageReference "KeyboardShortcuts" */,
				47E46AA7DFF60D976E7755A3 /* XCRemoteSwiftPackageReference "MacAppSettingsUI" */,
			);
			preferredProjectObjectVersion = 77;
			productRefGroup = B768B677384035BB57EEA712 /* Products */;
			projectDirPath = "";
			projectRoot = "";
			targets = (
				3BDB676D0A88A545F238711A /* Paste */,
			);
		};
/* End PBXProject section */

/* Begin PBXResourcesBuildPhase section */
		E0B3487F77980DE088DF0051 /* Resources */ = {
			isa = PBXResourcesBuildPhase;
			buildActionMask = 2147483647;
			files = (
				0FD9FE1B849F35DA7CE4C9FD /* Assets.xcassets in Resources */,
				C4F6DA55540713BDACAC260D /* Localizable.strings in Resources */,
				D39624F103CC42692585154F /* NerdFontsSymbolsOnly-LICENSE.txt in Resources */,
				E46B1E8BC06FFD19A99AA8A3 /* README.md in Resources */,
				548476F13FAEFBC9FE5F0632 /* SymbolsNerdFontMono-Regular.ttf in Resources */,
				E8EB228A4D377029F8905182 /* paste.icon in Resources */,
			);
			runOnlyForDeploymentPostprocessing = 0;
		};
/* End PBXResourcesBuildPhase section */

/* Begin PBXSourcesBuildPhase section */
		8A95500F24E10A81F9788E08 /* Sources */ = {
			isa = PBXSourcesBuildPhase;
			buildActionMask = 2147483647;
			files = (
				3967DE16A769A2E33CCD9692 /* AboutView.swift in Sources */,
				316668E91BB14E5E55142438 /* AppCore.swift in Sources */,
				39845C7BA7BF8871C80EE1BE /* AppSettings.swift in Sources */,
				DF868B19AE7D7BF3751879EF /* ClipboardCapturePipeline.swift in Sources */,
				A9BFCCAECCC68D9444932887 /* ClipboardManager.swift in Sources */,
				739ADE5F09C7B1A660B5BE9F /* ClipboardSettingsView.swift in Sources */,
				E2C25F35DF0B1F8C9960CD38 /* ClipboardStore.swift in Sources */,
				1D9AA5ECC0F41C5EE2E43336 /* ClipboardView.swift in Sources */,
				32D1DA38415AA18444CAE1CC /* CodeSyntaxHighlighter.swift in Sources */,
				69136128B6F06843A9962FAF /* CopySelectionOnSelect.swift in Sources */,
				02CB1E90666F628DBF9C7C78 /* EdgeDissolve.swift in Sources */,
				B9424F6046260D72728A48DD /* GeneralSettingsView.swift in Sources */,
				683657868E94884E86EAD188 /* IconCache.swift in Sources */,
				2E9B78A0D95CFE4179A41718 /* ImageQuickLook.swift in Sources */,
				F1E4B87385492A86C5F5CDFE /* ImageThumbnail.swift in Sources */,
				EE9F57DEDBD7C12EA72E7D9E /* InputSourceSwitcher.swift in Sources */,
				2637AC2FB6592F5FCA9ADA7C /* LaunchAtLogin.swift in Sources */,
				5F74A5E6F4687BA1EDA15D8F /* NerdSymbolsFont.swift in Sources */,
				9D0896797DC58B6F1EFD765F /* NotificationToken.swift in Sources */,
				41EB0E618912C5BD22EE063A /* OverlayScroller.swift in Sources */,
				07650D1993A6D4C0D5B7ACD8 /* PalettePanel.swift in Sources */,
				F2793D8EFF543BEDD5DF57C1 /* PaletteViewModel.swift in Sources */,
				765DF848224FB5BC506F2CDC /* PaletteWindowController.swift in Sources */,
				09B23D64A6A4F5463BC87554 /* PasteApp.swift in Sources */,
				459F1FFE80691847187D0437 /* PasteSettingsWindowController.swift in Sources */,
				73C5E3F78FDD5E8837E47AC0 /* PasteTransaction.swift in Sources */,
				1C45571908BB38D3FAD1095B /* Paster.swift in Sources */,
				4727BAB0DFB738C67703BC3B /* Permissions.swift in Sources */,
				068B6C43C18DB6110AED985B /* PopoverMenu.swift in Sources */,
				56CB63D8005B7EA1BB562748 /* RightClick.swift in Sources */,
				62F5E9E05B1CB111BC22F982 /* RootPaletteView.swift in Sources */,
				423227345830781DFEB25653 /* ScrollIntent.swift in Sources */,
				8EC84542AD80277CDB7E1C1B /* SearchHighlight.swift in Sources */,
				CA25BB59A2A23511A7C30411 /* SectionHeader.swift in Sources */,
				C149825C332C2AE4CE7AFE86 /* SettingsComponents.swift in Sources */,
				4D294A32FFE66B9E795811C7 /* SettingsRootView.swift in Sources */,
				3119CFF1D7E49ACADC6267D9 /* ShortcutRecorder.swift in Sources */,
				DE8C16A33B168FD7F3AC2C5B /* SystemClipboardHistory.swift in Sources */,
				6B1C7B8816B750407EFCB52C /* Theme.swift in Sources */,
				4176341D42A93B3915ADC2AC /* ThinScrollbar.swift in Sources */,
				8D646A86A4AD889296D77961 /* VisualEffectView.swift in Sources */,
			);
			runOnlyForDeploymentPostprocessing = 0;
		};
/* End PBXSourcesBuildPhase section */

/* Begin PBXVariantGroup section */
		F7DB5B5DB847C967C5B56092 /* Localizable.strings */ = {
			isa = PBXVariantGroup;
			children = (
				8257D3870A4DE97DA6F3D640 /* en */,
				E4A9AB5D6002E8775B7A1B4A /* zh-Hans */,
			);
			name = Localizable.strings;
			sourceTree = "<group>";
		};
/* End PBXVariantGroup section */

/* Begin XCBuildConfiguration section */
		6B1D352E31029E477C727993 /* Release */ = {
			isa = XCBuildConfiguration;
			buildSettings = {
				ALWAYS_SEARCH_USER_PATHS = NO;
				CLANG_ANALYZER_NONNULL = YES;
				CLANG_ANALYZER_NUMBER_OBJECT_CONVERSION = YES_AGGRESSIVE;
				CLANG_CXX_LANGUAGE_STANDARD = "gnu++14";
				CLANG_CXX_LIBRARY = "libc++";
				CLANG_ENABLE_MODULES = YES;
				CLANG_ENABLE_OBJC_ARC = YES;
				CLANG_ENABLE_OBJC_WEAK = YES;
				CLANG_WARN_BLOCK_CAPTURE_AUTORELEASING = YES;
				CLANG_WARN_BOOL_CONVERSION = YES;
				CLANG_WARN_COMMA = YES;
				CLANG_WARN_CONSTANT_CONVERSION = YES;
				CLANG_WARN_DEPRECATED_OBJC_IMPLEMENTATIONS = YES;
				CLANG_WARN_DIRECT_OBJC_ISA_USAGE = YES_ERROR;
				CLANG_WARN_DOCUMENTATION_COMMENTS = YES;
				CLANG_WARN_EMPTY_BODY = YES;
				CLANG_WARN_ENUM_CONVERSION = YES;
				CLANG_WARN_INFINITE_RECURSION = YES;
				CLANG_WARN_INT_CONVERSION = YES;
				CLANG_WARN_NON_LITERAL_NULL_CONVERSION = YES;
				CLANG_WARN_OBJC_IMPLICIT_RETAIN_SELF = YES;
				CLANG_WARN_OBJC_LITERAL_CONVERSION = YES;
				CLANG_WARN_OBJC_ROOT_CLASS = YES_ERROR;
				CLANG_WARN_QUOTED_INCLUDE_IN_FRAMEWORK_HEADER = YES;
				CLANG_WARN_RANGE_LOOP_ANALYSIS = YES;
				CLANG_WARN_STRICT_PROTOTYPES = YES;
				CLANG_WARN_SUSPICIOUS_MOVE = YES;
				CLANG_WARN_UNGUARDED_AVAILABILITY = YES_AGGRESSIVE;
				CLANG_WARN_UNREACHABLE_CODE = YES;
				CLANG_WARN__DUPLICATE_METHOD_MATCH = YES;
				CODE_SIGN_STYLE = Automatic;
				COPY_PHASE_STRIP = NO;
				CURRENT_PROJECT_VERSION = 1;
				DEBUG_INFORMATION_FORMAT = "dwarf-with-dsym";
				DEVELOPMENT_TEAM = 5Q5QT76MJU;
				ENABLE_HARDENED_RUNTIME = YES;
				ENABLE_NS_ASSERTIONS = NO;
				ENABLE_STRICT_OBJC_MSGSEND = YES;
				GCC_C_LANGUAGE_STANDARD = gnu11;
				GCC_NO_COMMON_BLOCKS = YES;
				GCC_WARN_64_TO_32_BIT_CONVERSION = YES;
				GCC_WARN_ABOUT_RETURN_TYPE = YES_ERROR;
				GCC_WARN_UNDECLARED_SELECTOR = YES;
				GCC_WARN_UNINITIALIZED_AUTOS = YES_AGGRESSIVE;
				GCC_WARN_UNUSED_FUNCTION = YES;
				GCC_WARN_UNUSED_VARIABLE = YES;
				MACOSX_DEPLOYMENT_TARGET = 26.0;
				MARKETING_VERSION = 0.1.0;
				MTL_ENABLE_DEBUG_INFO = NO;
				MTL_FAST_MATH = YES;
				PRODUCT_NAME = "$(TARGET_NAME)";
				SDKROOT = macosx;
				SWIFT_COMPILATION_MODE = wholemodule;
				SWIFT_OPTIMIZATION_LEVEL = "-O";
				SWIFT_STRICT_CONCURRENCY = complete;
				SWIFT_VERSION = 6.0;
			};
			name = Release;
		};
		7601B03AE78A00DEFEB07DF3 /* Debug */ = {
			isa = XCBuildConfiguration;
			buildSettings = {
				ASSETCATALOG_COMPILER_APPICON_NAME = paste;
				CODE_SIGN_ENTITLEMENTS = Paste/Paste.entitlements;
				COMBINE_HIDPI_IMAGES = YES;
				INFOPLIST_FILE = Paste/Info.plist;
				LD_RUNPATH_SEARCH_PATHS = (
					"$(inherited)",
					"@executable_path/../Frameworks",
				);
				MARKETING_VERSION = 0.1.2;
				OTHER_LDFLAGS = (
					"$(inherited)",
					"-lsqlite3",
				);
				PRODUCT_BUNDLE_IDENTIFIER = com.eli.Paste;
				PRODUCT_NAME = Paste;
				SDKROOT = macosx;
			};
			name = Debug;
		};
		8821A099FDCB53F0BDB4310A /* Debug */ = {
			isa = XCBuildConfiguration;
			buildSettings = {
				ALWAYS_SEARCH_USER_PATHS = NO;
				CLANG_ANALYZER_NONNULL = YES;
				CLANG_ANALYZER_NUMBER_OBJECT_CONVERSION = YES_AGGRESSIVE;
				CLANG_CXX_LANGUAGE_STANDARD = "gnu++14";
				CLANG_CXX_LIBRARY = "libc++";
				CLANG_ENABLE_MODULES = YES;
				CLANG_ENABLE_OBJC_ARC = YES;
				CLANG_ENABLE_OBJC_WEAK = YES;
				CLANG_WARN_BLOCK_CAPTURE_AUTORELEASING = YES;
				CLANG_WARN_BOOL_CONVERSION = YES;
				CLANG_WARN_COMMA = YES;
				CLANG_WARN_CONSTANT_CONVERSION = YES;
				CLANG_WARN_DEPRECATED_OBJC_IMPLEMENTATIONS = YES;
				CLANG_WARN_DIRECT_OBJC_ISA_USAGE = YES_ERROR;
				CLANG_WARN_DOCUMENTATION_COMMENTS = YES;
				CLANG_WARN_EMPTY_BODY = YES;
				CLANG_WARN_ENUM_CONVERSION = YES;
				CLANG_WARN_INFINITE_RECURSION = YES;
				CLANG_WARN_INT_CONVERSION = YES;
				CLANG_WARN_NON_LITERAL_NULL_CONVERSION = YES;
				CLANG_WARN_OBJC_IMPLICIT_RETAIN_SELF = YES;
				CLANG_WARN_OBJC_LITERAL_CONVERSION = YES;
				CLANG_WARN_OBJC_ROOT_CLASS = YES_ERROR;
				CLANG_WARN_QUOTED_INCLUDE_IN_FRAMEWORK_HEADER = YES;
				CLANG_WARN_RANGE_LOOP_ANALYSIS = YES;
				CLANG_WARN_STRICT_PROTOTYPES = YES;
				CLANG_WARN_SUSPICIOUS_MOVE = YES;
				CLANG_WARN_UNGUARDED_AVAILABILITY = YES_AGGRESSIVE;
				CLANG_WARN_UNREACHABLE_CODE = YES;
				CLANG_WARN__DUPLICATE_METHOD_MATCH = YES;
				CODE_SIGN_STYLE = Automatic;
				COPY_PHASE_STRIP = NO;
				CURRENT_PROJECT_VERSION = 1;
				DEBUG_INFORMATION_FORMAT = dwarf;
				DEVELOPMENT_TEAM = 5Q5QT76MJU;
				ENABLE_HARDENED_RUNTIME = YES;
				ENABLE_STRICT_OBJC_MSGSEND = YES;
				ENABLE_TESTABILITY = YES;
				GCC_C_LANGUAGE_STANDARD = gnu11;
				GCC_DYNAMIC_NO_PIC = NO;
				GCC_NO_COMMON_BLOCKS = YES;
				GCC_OPTIMIZATION_LEVEL = 0;
				GCC_PREPROCESSOR_DEFINITIONS = (
					"$(inherited)",
					"DEBUG=1",
				);
				GCC_WARN_64_TO_32_BIT_CONVERSION = YES;
				GCC_WARN_ABOUT_RETURN_TYPE = YES_ERROR;
				GCC_WARN_UNDECLARED_SELECTOR = YES;
				GCC_WARN_UNINITIALIZED_AUTOS = YES_AGGRESSIVE;
				GCC_WARN_UNUSED_FUNCTION = YES;
				GCC_WARN_UNUSED_VARIABLE = YES;
				MACOSX_DEPLOYMENT_TARGET = 26.0;
				MARKETING_VERSION = 0.1.0;
				MTL_ENABLE_DEBUG_INFO = INCLUDE_SOURCE;
				MTL_FAST_MATH = YES;
				ONLY_ACTIVE_ARCH = YES;
				PRODUCT_NAME = "$(TARGET_NAME)";
				SDKROOT = macosx;
				SWIFT_ACTIVE_COMPILATION_CONDITIONS = DEBUG;
				SWIFT_OPTIMIZATION_LEVEL = "-Onone";
				SWIFT_STRICT_CONCURRENCY = complete;
				SWIFT_VERSION = 6.0;
			};
			name = Debug;
		};
		EBF74BE4850FCB80ADA141F4 /* Release */ = {
			isa = XCBuildConfiguration;
			buildSettings = {
				ASSETCATALOG_COMPILER_APPICON_NAME = paste;
				CODE_SIGN_ENTITLEMENTS = Paste/Paste.entitlements;
				COMBINE_HIDPI_IMAGES = YES;
				INFOPLIST_FILE = Paste/Info.plist;
				LD_RUNPATH_SEARCH_PATHS = (
					"$(inherited)",
					"@executable_path/../Frameworks",
				);
				MARKETING_VERSION = 0.1.2;
				OTHER_LDFLAGS = (
					"$(inherited)",
					"-lsqlite3",
				);
				PRODUCT_BUNDLE_IDENTIFIER = com.eli.Paste;
				PRODUCT_NAME = Paste;
				SDKROOT = macosx;
			};
			name = Release;
		};
/* End XCBuildConfiguration section */

/* Begin XCConfigurationList section */
		0F0CF5D16306CB35A84C4C17 /* Build configuration list for PBXNativeTarget "Paste" */ = {
			isa = XCConfigurationList;
			buildConfigurations = (
				7601B03AE78A00DEFEB07DF3 /* Debug */,
				EBF74BE4850FCB80ADA141F4 /* Release */,
			);
			defaultConfigurationIsVisible = 0;
			defaultConfigurationName = Debug;
		};
		6D9D3EC1D512C4FF5F237E0B /* Build configuration list for PBXProject "Paste" */ = {
			isa = XCConfigurationList;
			buildConfigurations = (
				8821A099FDCB53F0BDB4310A /* Debug */,
				6B1D352E31029E477C727993 /* Release */,
			);
			defaultConfigurationIsVisible = 0;
			defaultConfigurationName = Debug;
		};
/* End XCConfigurationList section */

/* Begin XCRemoteSwiftPackageReference section */
		47E46AA7DFF60D976E7755A3 /* XCRemoteSwiftPackageReference "MacAppSettingsUI" */ = {
			isa = XCRemoteSwiftPackageReference;
			repositoryURL = "https://github.com/usagimaru/MacAppSettingsUI";
			requirement = {
				kind = upToNextMajorVersion;
				minimumVersion = 1.4.0;
			};
		};
		AED5A052BAF777F41B977401 /* XCRemoteSwiftPackageReference "KeyboardShortcuts" */ = {
			isa = XCRemoteSwiftPackageReference;
			repositoryURL = "https://github.com/sindresorhus/KeyboardShortcuts";
			requirement = {
				kind = upToNextMajorVersion;
				minimumVersion = 2.0.0;
			};
		};
/* End XCRemoteSwiftPackageReference section */

/* Begin XCSwiftPackageProductDependency section */
		18A3FC690CC58367A65F87C9 /* MacAppSettingsUI */ = {
			isa = XCSwiftPackageProductDependency;
			package = 47E46AA7DFF60D976E7755A3 /* XCRemoteSwiftPackageReference "MacAppSettingsUI" */;
			productName = MacAppSettingsUI;
		};
		40E3D8D2C77ADCC20CD390CC /* KeyboardShortcuts */ = {
			isa = XCSwiftPackageProductDependency;
			package = AED5A052BAF777F41B977401 /* XCRemoteSwiftPackageReference "KeyboardShortcuts" */;
			productName = KeyboardShortcuts;
		};
/* End XCSwiftPackageProductDependency section */
	};
	rootObject = DF30A449222F94C11CFB0A63 /* Project object */;
}
